// !$*UTF8*$!
{
	archiveVersion = 1;
	classes = {
	};
	objectVersion = 50;
	objects = {

/* Begin PBXBuildFile section */
		BEDDCDF526DA1A9A003C1CB3 /* AppDelegate.swift in Sources */ = {isa = PBXBuildFile; fileRef = BEDDCDF426DA1A9A003C1CB3 /* AppDelegate.swift */; };
		BEDDCDF726DA1A9A003C1CB3 /* SceneDelegate.swift in Sources */ = {isa = PBXBuildFile; fileRef = BEDDCDF626DA1A9A003C1CB3 /* SceneDelegate.swift */; };
		BEDDCDF926DA1A9A003C1CB3 /* RegistrationVC.swift in Sources */ = {isa = PBXBuildFile; fileRef = BEDDCDF826DA1A9A003C1CB3 /* RegistrationVC.swift */; };
		BEDDCDFE26DA1A9C003C1CB3 /* Assets.xcassets in Resources */ = {isa = PBXBuildFile; fileRef = BEDDCDFD26DA1A9C003C1CB3 /* Assets.xcassets */; };
		BEDDCE0126DA1A9C003C1CB3 /* LaunchScreen.storyboard in Resources */ = {isa = PBXBuildFile; fileRef = BEDDCDFF26DA1A9C003C1CB3 /* LaunchScreen.storyboard */; };
		BEDDCE0B26DA22FE003C1CB3 /* RegistrationView.swift in Sources */ = {isa = PBXBuildFile; fileRef = BEDDCE0A26DA22FE003C1CB3 /* RegistrationView.swift */; };
		BEDDCE1026DA56D6003C1CB3 /* LogInVC.swift in Sources */ = {isa = PBXBuildFile; fileRef = BEDDCE0F26DA56D6003C1CB3 /* LogInVC.swift */; };
		BEDDCE1226DA56E2003C1CB3 /* LogInView.swift in Sources */ = {isa = PBXBuildFile; fileRef = BEDDCE1126DA56E2003C1CB3 /* LogInView.swift */; };
		BEDDCE1526DAA711003C1CB3 /* MenuVC.swift in Sources */ = {isa = PBXBuildFile; fileRef = BEDDCE1426DAA711003C1CB3 /* MenuVC.swift */; };
		BEDDCE1726DAA71B003C1CB3 /* MenuView.swift in Sources */ = {isa = PBXBuildFile; fileRef = BEDDCE1626DAA71B003C1CB3 /* MenuView.swift */; };
		BEDDCE1926DAA836003C1CB3 /* TabBarController.swift in Sources */ = {isa = PBXBuildFile; fileRef = BEDDCE1826DAA836003C1CB3 /* TabBarController.swift */; };
		BEDDCE1C26DB6895003C1CB3 /* SettingsVC.swift in Sources */ = {isa = PBXBuildFile; fileRef = BEDDCE1B26DB6895003C1CB3 /* SettingsVC.swift */; };
		BEDDCE1E26DB68C5003C1CB3 /* SettingsView.swift in Sources */ = {isa = PBXBuildFile; fileRef = BEDDCE1D26DB68C5003C1CB3 /* SettingsView.swift */; };
		BEDDCE2126DB7AB3003C1CB3 /* CategoriesVC.swift in Sources */ = {isa = PBXBuildFile; fileRef = BEDDCE2026DB7AB3003C1CB3 /* CategoriesVC.swift */; };
		BEDDCE2326DB7FB2003C1CB3 /* CategoryCell.swift in Sources */ = {isa = PBXBuildFile; fileRef = BEDDCE2226DB7FB2003C1CB3 /* CategoryCell.swift */; };
/* End PBXBuildFile section */

/* Begin PBXFileReference section */
		BEDDCDF126DA1A9A003C1CB3 /* IOSInterviewApp.app */ = {isa = PBXFileReference; explicitFileType = wrapper.application; includeInIndex = 0; path = IOSInterviewApp.app; sourceTree = BUILT_PRODUCTS_DIR; };
		BEDDCDF426DA1A9A003C1CB3 /* AppDelegate.swift */ = {isa = PBXFileReference; lastKnownFileType = sourcecode.swift; path = AppDelegate.swift; sourceTree = "<group>"; };
		BEDDCDF626DA1A9A003C1CB3 /* SceneDelegate.swift */ = {isa = PBXFileReference; lastKnownFileType = sourcecode.swift; path = SceneDelegate.swift; sourceTree = "<group>"; };
		BEDDCDF826DA1A9A003C1CB3 /* RegistrationVC.swift */ = {isa = PBXFileReference; lastKnownFileType = sourcecode.swift; path = RegistrationVC.swift; sourceTree = "<group>"; };
		BEDDCDFD26DA1A9C003C1CB3 /* Assets.xcassets */ = {isa = PBXFileReference; lastKnownFileType = folder.assetcatalog; path = Assets.xcassets; sourceTree = "<group>"; };
		BEDDCE0026DA1A9C003C1CB3 /* Base */ = {isa = PBXFileReference; lastKnownFileType = file.storyboard; name = Base; path = Base.lproj/LaunchScreen.storyboard; sourceTree = "<group>"; };
		BEDDCE0226DA1A9C003C1CB3 /* Info.plist */ = {isa = PBXFileReference; lastKnownFileType = text.plist.xml; path = Info.plist; sourceTree = "<group>"; };
		BEDDCE0A26DA22FE003C1CB3 /* RegistrationView.swift */ = {isa = PBXFileReference; lastKnownFileType = sourcecode.swift; path = RegistrationView.swift; sourceTree = "<group>"; };
		BEDDCE0F26DA56D6003C1CB3 /* LogInVC.swift */ = {isa = PBXFileReference; lastKnownFileType = sourcecode.swift; path = LogInVC.swift; sourceTree = "<group>"; };
		BEDDCE1126DA56E2003C1CB3 /* LogInView.swift */ = {isa = PBXFileReference; lastKnownFileType = sourcecode.swift; path = LogInView.swift; sourceTree = "<group>"; };
		BEDDCE1426DAA711003C1CB3 /* MenuVC.swift */ = {isa = PBXFileReference; lastKnownFileType = sourcecode.swift; path = MenuVC.swift; sourceTree = "<group>"; };
		BEDDCE1626DAA71B003C1CB3 /* MenuView.swift */ = {isa = PBXFileReference; lastKnownFileType = sourcecode.swift; path = MenuView.swift; sourceTree = "<group>"; };
		BEDDCE1826DAA836003C1CB3 /* TabBarController.swift */ = {isa = PBXFileReference; lastKnownFileType = sourcecode.swift; path = TabBarController.swift; sourceTree = "<group>"; };
		BEDDCE1B26DB6895003C1CB3 /* SettingsVC.swift */ = {isa = PBXFileReference; lastKnownFileType = sourcecode.swift; path = SettingsVC.swift; sourceTree = "<group>"; };
		BEDDCE1D26DB68C5003C1CB3 /* SettingsView.swift */ = {isa = PBXFileReference; lastKnownFileType = sourcecode.swift; path = SettingsView.swift; sourceTree = "<group>"; };
		BEDDCE2026DB7AB3003C1CB3 /* CategoriesVC.swift */ = {isa = PBXFileReference; lastKnownFileType = sourcecode.swift; path = CategoriesVC.swift; sourceTree = "<group>"; };
		BEDDCE2226DB7FB2003C1CB3 /* CategoryCell.swift */ = {isa = PBXFileReference; lastKnownFileType = sourcecode.swift; path = CategoryCell.swift; sourceTree = "<group>"; };
/* End PBXFileReference section */

/* Begin PBXFrameworksBuildPhase section */
		BEDDCDEE26DA1A9A003C1CB3 /* Frameworks */ = {
			isa = PBXFrameworksBuildPhase;
			buildActionMask = 2147483647;
			files = (
			);
			runOnlyForDeploymentPostprocessing = 0;
		};
/* End PBXFrameworksBuildPhase section */

/* Begin PBXGroup section */
		BEDDCDE826DA1A9A003C1CB3 = {
			isa = PBXGroup;
			children = (
				BEDDCDF326DA1A9A003C1CB3 /* IOSInterviewApp */,
				BEDDCDF226DA1A9A003C1CB3 /* Products */,
			);
			sourceTree = "<group>";
		};
		BEDDCDF226DA1A9A003C1CB3 /* Products */ = {
			isa = PBXGroup;
			children = (
				BEDDCDF126DA1A9A003C1CB3 /* IOSInterviewApp.app */,
			);
			name = Products;
			sourceTree = "<group>";
		};
		BEDDCDF326DA1A9A003C1CB3 /* IOSInterviewApp */ = {
			isa = PBXGroup;
			children = (
				BEDDCDF426DA1A9A003C1CB3 /* AppDelegate.swift */,
				BEDDCDF626DA1A9A003C1CB3 /* SceneDelegate.swift */,
				BEDDCE1F26DB7A91003C1CB3 /* CategoriesModule */,
				BEDDCE1A26DB686F003C1CB3 /* SettingsModule */,
				BEDDCE1326DAA6C7003C1CB3 /* MenuModule */,
				BEDDCE1826DAA836003C1CB3 /* TabBarController.swift */,
				BEDDCE0E26DA56B9003C1CB3 /* LoginModule */,
				BEDDCE0D26DA5678003C1CB3 /* RegistrationModule */,
				BEDDCDFD26DA1A9C003C1CB3 /* Assets.xcassets */,
				BEDDCDFF26DA1A9C003C1CB3 /* LaunchScreen.storyboard */,
				BEDDCE0226DA1A9C003C1CB3 /* Info.plist */,
			);
			path = IOSInterviewApp;
			sourceTree = "<group>";
		};
		BEDDCE0D26DA5678003C1CB3 /* RegistrationModule */ = {
			isa = PBXGroup;
			children = (
				BEDDCDF826DA1A9A003C1CB3 /* RegistrationVC.swift */,
				BEDDCE0A26DA22FE003C1CB3 /* RegistrationView.swift */,
			);
			path = RegistrationModule;
			sourceTree = "<group>";
		};
		BEDDCE0E26DA56B9003C1CB3 /* LoginModule */ = {
			isa = PBXGroup;
			children = (
				BEDDCE0F26DA56D6003C1CB3 /* LogInVC.swift */,
				BEDDCE1126DA56E2003C1CB3 /* LogInView.swift */,
			);
			path = LoginModule;
			sourceTree = "<group>";
		};
		BEDDCE1326DAA6C7003C1CB3 /* MenuModule */ = {
			isa = PBXGroup;
			children = (
				BEDDCE1426DAA711003C1CB3 /* MenuVC.swift */,
				BEDDCE1626DAA71B003C1CB3 /* MenuView.swift */,
			);
			path = MenuModule;
			sourceTree = "<group>";
		};
		BEDDCE1A26DB686F003C1CB3 /* SettingsModule */ = {
			isa = PBXGroup;
			children = (
				BEDDCE1B26DB6895003C1CB3 /* SettingsVC.swift */,
				BEDDCE1D26DB68C5003C1CB3 /* SettingsView.swift */,
			);
			path = SettingsModule;
			sourceTree = "<group>";
		};
		BEDDCE1F26DB7A91003C1CB3 /* CategoriesModule */ = {
			isa = PBXGroup;
			children = (
				BEDDCE2026DB7AB3003C1CB3 /* CategoriesVC.swift */,
				BEDDCE2226DB7FB2003C1CB3 /* CategoryCell.swift */,
			);
			path = CategoriesModule;
			sourceTree = "<group>";
		};
/* End PBXGroup section */

/* Begin PBXNativeTarget section */
		BEDDCDF026DA1A9A003C1CB3 /* IOSInterviewApp */ = {
			isa = PBXNativeTarget;
			buildConfigurationList = BEDDCE0526DA1A9C003C1CB3 /* Build configuration list for PBXNativeTarget "IOSInterviewApp" */;
			buildPhases = (
				BEDDCDED26DA1A9A003C1CB3 /* Sources */,
				BEDDCDEE26DA1A9A003C1CB3 /* Frameworks */,
				BEDDCDEF26DA1A9A003C1CB3 /* Resources */,
			);
			buildRules = (
			);
			dependencies = (
			);
			name = IOSInterviewApp;
			productName = IOSInterviewApp;
			productReference = BEDDCDF126DA1A9A003C1CB3 /* IOSInterviewApp.app */;
			productType = "com.apple.product-type.application";
		};
/* End PBXNativeTarget section */

/* Begin PBXProject section */
		BEDDCDE926DA1A9A003C1CB3 /* Project object */ = {
			isa = PBXProject;
			attributes = {
				LastSwiftUpdateCheck = 1250;
				LastUpgradeCheck = 1250;
				TargetAttributes = {
					BEDDCDF026DA1A9A003C1CB3 = {
						CreatedOnToolsVersion = 12.5.1;
					};
				};
			};
			buildConfigurationList = BEDDCDEC26DA1A9A003C1CB3 /* Build configuration list for PBXProject "IOSInterviewApp" */;
			compatibilityVersion = "Xcode 9.3";
			developmentRegion = en;
			hasScannedForEncodings = 0;
			knownRegions = (
				en,
				Base,
			);
			mainGroup = BEDDCDE826DA1A9A003C1CB3;
			productRefGroup = BEDDCDF226DA1A9A003C1CB3 /* Products */;
			projectDirPath = "";
			projectRoot = "";
			targets = (
				BEDDCDF026DA1A9A003C1CB3 /* IOSInterviewApp */,
			);
		};
/* End PBXProject section */

/* Begin PBXResourcesBuildPhase section */
		BEDDCDEF26DA1A9A003C1CB3 /* Resources */ = {
			isa = PBXResourcesBuildPhase;
			buildActionMask = 2147483647;
			files = (
				BEDDCE0126DA1A9C003C1CB3 /* LaunchScreen.storyboard in Resources */,
				BEDDCDFE26DA1A9C003C1CB3 /* Assets.xcassets in Resources */,
			);
			runOnlyForDeploymentPostprocessing = 0;
		};
/* End PBXResourcesBuildPhase section */

/* Begin PBXSourcesBuildPhase section */
		BEDDCDED26DA1A9A003C1CB3 /* Sources */ = {
			isa = PBXSourcesBuildPhase;
			buildActionMask = 2147483647;
			files = (
				BEDDCE2326DB7FB2003C1CB3 /* CategoryCell.swift in Sources */,
				BEDDCE2126DB7AB3003C1CB3 /* CategoriesVC.swift in Sources */,
				BEDDCE1226DA56E2003C1CB3 /* LogInView.swift in Sources */,
				BEDDCE1726DAA71B003C1CB3 /* MenuView.swift in Sources */,
				BEDDCDF926DA1A9A003C1CB3 /* RegistrationVC.swift in Sources */,
				BEDDCE1926DAA836003C1CB3 /* TabBarController.swift in Sources */,
				BEDDCDF526DA1A9A003C1CB3 /* AppDelegate.swift in Sources */,
				BEDDCE1526DAA711003C1CB3 /* MenuVC.swift in Sources */,
				BEDDCDF726DA1A9A003C1CB3 /* SceneDelegate.swift in Sources */,
				BEDDCE0B26DA22FE003C1CB3 /* RegistrationView.swift in Sources */,
				BEDDCE1026DA56D6003C1CB3 /* LogInVC.swift in Sources */,
				BEDDCE1C26DB6895003C1CB3 /* SettingsVC.swift in Sources */,
				BEDDCE1E26DB68C5003C1CB3 /* SettingsView.swift in Sources */,
			);
			runOnlyForDeploymentPostprocessing = 0;
		};
/* End PBXSourcesBuildPhase section */

/* Begin PBXVariantGroup section */
		BEDDCDFF26DA1A9C003C1CB3 /* LaunchScreen.storyboard */ = {
			isa = PBXVariantGroup;
			children = (
				BEDDCE0026DA1A9C003C1CB3 /* Base */,
			);
			name = LaunchScreen.storyboard;
			sourceTree = "<group>";
		};
/* End PBXVariantGroup section */

/* Begin XCBuildConfiguration section */
		BEDDCE0326DA1A9C003C1CB3 /* Debug */ = {
			isa = XCBuildConfiguration;
			buildSettings = {
				ALWAYS_SEARCH_USER_PATHS = NO;
				CLANG_ANALYZER_NONNULL = YES;
				CLANG_ANALYZER_NUMBER_OBJECT_CONVERSION = YES_AGGRESSIVE;
				CLANG_CXX_LANGUAGE_STANDARD = "gnu++14";
				CLANG_CXX_LIBRARY = "libc++";
				CLANG_ENABLE_MODULES = YES;
				CLANG_ENABLE_OBJC_ARC = YES;
				CLANG_ENABLE_OBJC_WEAK = YES;
				CLANG_WARN_BLOCK_CAPTURE_AUTORELEASING = YES;
				CLANG_WARN_BOOL_CONVERSION = YES;
				CLANG_WARN_COMMA = YES;
				CLANG_WARN_CONSTANT_CONVERSION = YES;
				CLANG_WARN_DEPRECATED_OBJC_IMPLEMENTATIONS = YES;
				CLANG_WARN_DIRECT_OBJC_ISA_USAGE = YES_ERROR;
				CLANG_WARN_DOCUMENTATION_COMMENTS = YES;
				CLANG_WARN_EMPTY_BODY = YES;
				CLANG_WARN_ENUM_CONVERSION = YES;
				CLANG_WARN_INFINITE_RECURSION = YES;
				CLANG_WARN_INT_CONVERSION = YES;
				CLANG_WARN_NON_LITERAL_NULL_CONVERSION = YES;
				CLANG_WARN_OBJC_IMPLICIT_RETAIN_SELF = YES;
				CLANG_WARN_OBJC_LITERAL_CONVERSION = YES;
				CLANG_WARN_OBJC_ROOT_CLASS = YES_ERROR;
				CLANG_WARN_QUOTED_INCLUDE_IN_FRAMEWORK_HEADER = YES;
				CLANG_WARN_RANGE_LOOP_ANALYSIS = YES;
				CLANG_WARN_STRICT_PROTOTYPES = YES;
				CLANG_WARN_SUSPICIOUS_MOVE = YES;
				CLANG_WARN_UNGUARDED_AVAILABILITY = YES_AGGRESSIVE;
				CLANG_WARN_UNREACHABLE_CODE = YES;
				CLANG_WARN__DUPLICATE_METHOD_MATCH = YES;
				COPY_PHASE_STRIP = NO;
				DEBUG_INFORMATION_FORMAT = dwarf;
				ENABLE_STRICT_OBJC_MSGSEND = YES;
				ENABLE_TESTABILITY = YES;
				GCC_C_LANGUAGE_STANDARD = gnu11;
				GCC_DYNAMIC_NO_PIC = NO;
				GCC_NO_COMMON_BLOCKS = YES;
				GCC_OPTIMIZATION_LEVEL = 0;
				GCC_PREPROCESSOR_DEFINITIONS = (
					"DEBUG=1",
					"$(inherited)",
				);
				GCC_WARN_64_TO_32_BIT_CONVERSION = YES;
				GCC_WARN_ABOUT_RETURN_TYPE = YES_ERROR;
				GCC_WARN_UNDECLARED_SELECTOR = YES;
				GCC_WARN_UNINITIALIZED_AUTOS = YES_AGGRESSIVE;
				GCC_WARN_UNUSED_FUNCTION = YES;
				GCC_WARN_UNUSED_VARIABLE = YES;
				IPHONEOS_DEPLOYMENT_TARGET = 14.5;
				MTL_ENABLE_DEBUG_INFO = INCLUDE_SOURCE;
				MTL_FAST_MATH = YES;
				ONLY_ACTIVE_ARCH = YES;
				SDKROOT = iphoneos;
				SWIFT_ACTIVE_COMPILATION_CONDITIONS = DEBUG;
				SWIFT_OPTIMIZATION_LEVEL = "-Onone";
			};
			name = Debug;
		};
		BEDDCE0426DA1A9C003C1CB3 /* Release */ = {
			isa = XCBuildConfiguration;
			buildSettings = {
				ALWAYS_SEARCH_USER_PATHS = NO;
				CLANG_ANALYZER_NONNULL = YES;
				CLANG_ANALYZER_NUMBER_OBJECT_CONVERSION = YES_AGGRESSIVE;
				CLANG_CXX_LANGUAGE_STANDARD = "gnu++14";
				CLANG_CXX_LIBRARY = "libc++";
				CLANG_ENABLE_MODULES = YES;
				CLANG_ENABLE_OBJC_ARC = YES;
				CLANG_ENABLE_OBJC_WEAK = YES;
				CLANG_WARN_BLOCK_CAPTURE_AUTORELEASING = YES;
				CLANG_WARN_BOOL_CONVERSION = YES;
				CLANG_WARN_COMMA = YES;
				CLANG_WARN_CONSTANT_CONVERSION = YES;
				CLANG_WARN_DEPRECATED_OBJC_IMPLEMENTATIONS = YES;
				CLANG_WARN_DIRECT_OBJC_ISA_USAGE = YES_ERROR;
				CLANG_WARN_DOCUMENTATION_COMMENTS = YES;
				CLANG_WARN_EMPTY_BODY = YES;
				CLANG_WARN_ENUM_CONVERSION = YES;
				CLANG_WARN_INFINITE_RECURSION = YES;
				CLANG_WARN_INT_CONVERSION = YES;
				CLANG_WARN_NON_LITERAL_NULL_CONVERSION = YES;
				CLANG_WARN_OBJC_IMPLICIT_RETAIN_SELF = YES;
				CLANG_WARN_OBJC_LITERAL_CONVERSION = YES;
				CLANG_WARN_OBJC_ROOT_CLASS = YES_ERROR;
				CLANG_WARN_QUOTED_INCLUDE_IN_FRAMEWORK_HEADER = YES;
				CLANG_WARN_RANGE_LOOP_ANALYSIS = YES;
				CLANG_WARN_STRICT_PROTOTYPES = YES;
				CLANG_WARN_SUSPICIOUS_MOVE = YES;
				CLANG_WARN_UNGUARDED_AVAILABILITY = YES_AGGRESSIVE;
				CLANG_WARN_UNREACHABLE_CODE = YES;
				CLANG_WARN__DUPLICATE_METHOD_MATCH = YES;
				COPY_PHASE_STRIP = NO;
				DEBUG_INFORMATION_FORMAT = "dwarf-with-dsym";
				ENABLE_NS_ASSERTIONS = NO;
				ENABLE_STRICT_OBJC_MSGSEND = YES;
				GCC_C_LANGUAGE_STANDARD = gnu11;
				GCC_NO_COMMON_BLOCKS = YES;
				GCC_WARN_64_TO_32_BIT_CONVERSION = YES;
				GCC_WARN_ABOUT_RETURN_TYPE = YES_ERROR;
				GCC_WARN_UNDECLARED_SELECTOR = YES;
				GCC_WARN_UNINITIALIZED_AUTOS = YES_AGGRESSIVE;
				GCC_WARN_UNUSED_FUNCTION = YES;
				GCC_WARN_UNUSED_VARIABLE = YES;
				IPHONEOS_DEPLOYMENT_TARGET = 14.5;
				MTL_ENABLE_DEBUG_INFO = NO;
				MTL_FAST_MATH = YES;
				SDKROOT = iphoneos;
				SWIFT_COMPILATION_MODE = wholemodule;
				SWIFT_OPTIMIZATION_LEVEL = "-O";
				VALIDATE_PRODUCT = YES;
			};
			name = Release;
		};
		BEDDCE0626DA1A9C003C1CB3 /* Debug */ = {
			isa = XCBuildConfiguration;
			buildSettings = {
				ASSETCATALOG_COMPILER_APPICON_NAME = AppIcon;
				ASSETCATALOG_COMPILER_GLOBAL_ACCENT_COLOR_NAME = AccentColor;
				CODE_SIGN_STYLE = Automatic;
				DEVELOPMENT_TEAM = H5W6DUL8QB;
				INFOPLIST_FILE = IOSInterviewApp/Info.plist;
				LD_RUNPATH_SEARCH_PATHS = (
					"$(inherited)",
					"@executable_path/Frameworks",
				);
				PRODUCT_BUNDLE_IDENTIFIER = "Vinyar-project.IOSInterviewApp";
				PRODUCT_NAME = "$(TARGET_NAME)";
				SWIFT_VERSION = 5.0;
				TARGETED_DEVICE_FAMILY = "1,2";
			};
			name = Debug;
		};
		BEDDCE0726DA1A9C003C1CB3 /* Release */ = {
			isa = XCBuildConfiguration;
			buildSettings = {
				ASSETCATALOG_COMPILER_APPICON_NAME = AppIcon;
				ASSETCATALOG_COMPILER_GLOBAL_ACCENT_COLOR_NAME = AccentColor;
				CODE_SIGN_STYLE = Automatic;
				DEVELOPMENT_TEAM = H5W6DUL8QB;
				INFOPLIST_FILE = IOSInterviewApp/Info.plist;
				LD_RUNPATH_SEARCH_PATHS = (
					"$(inherited)",
					"@executable_path/Frameworks",
				);
				PRODUCT_BUNDLE_IDENTIFIER = "Vinyar-project.IOSInterviewApp";
				PRODUCT_NAME = "$(TARGET_NAME)";
				SWIFT_VERSION = 5.0;
				TARGETED_DEVICE_FAMILY = "1,2";
			};
			name = Release;
		};
/* End XCBuildConfiguration section */

/* Begin XCConfigurationList section */
		BEDDCDEC26DA1A9A003C1CB3 /* Build configuration list for PBXProject "IOSInterviewApp" */ = {
			isa = XCConfigurationList;
			buildConfigurations = (
				BEDDCE0326DA1A9C003C1CB3 /* Debug */,
				BEDDCE0426DA1A9C003C1CB3 /* Release */,
			);
			defaultConfigurationIsVisible = 0;
			defaultConfigurationName = Release;
		};
		BEDDCE0526DA1A9C003C1CB3 /* Build configuration list for PBXNativeTarget "IOSInterviewApp" */ = {
			isa = XCConfigurationList;
			buildConfigurations = (
				BEDDCE0626DA1A9C003C1CB3 /* Debug */,
				BEDDCE0726DA1A9C003C1CB3 /* Release */,
			);
			defaultConfigurationIsVisible = 0;
			defaultConfigurationName = Release;
		};
/* End XCConfigurationList section */
	};
	rootObject = BEDDCDE926DA1A9A003C1CB3 /* Project object */;
}
